// !$*UTF8*$!
{
	archiveVersion = 1;
	classes = {
	};
	objectVersion = 46;
	objects = {

/* Begin PBXBuildFile section */
		C62C5B621937551800E5CF0F /* Foundation.framework in Frameworks */ = {isa = PBXBuildFile; fileRef = C62C5B611937551800E5CF0F /* Foundation.framework */; };
		C62C5B641937551800E5CF0F /* CoreGraphics.framework in Frameworks */ = {isa = PBXBuildFile; fileRef = C62C5B631937551800E5CF0F /* CoreGraphics.framework */; };
		C62C5B661937551800E5CF0F /* UIKit.framework in Frameworks */ = {isa = PBXBuildFile; fileRef = C62C5B651937551800E5CF0F /* UIKit.framework */; };
		C62C5B681937551800E5CF0F /* CoreData.framework in Frameworks */ = {isa = PBXBuildFile; fileRef = C62C5B671937551800E5CF0F /* CoreData.framework */; };
		C62C5B6E1937551800E5CF0F /* InfoPlist.strings in Resources */ = {isa = PBXBuildFile; fileRef = C62C5B6C1937551800E5CF0F /* InfoPlist.strings */; };
		C62C5B701937551800E5CF0F /* main.m in Sources */ = {isa = PBXBuildFile; fileRef = C62C5B6F1937551800E5CF0F /* main.m */; };
		C62C5B741937551800E5CF0F /* AppDelegate.m in Sources */ = {isa = PBXBuildFile; fileRef = C62C5B731937551800E5CF0F /* AppDelegate.m */; };
		C62C5B771937551800E5CF0F /* Main.storyboard in Resources */ = {isa = PBXBuildFile; fileRef = C62C5B751937551800E5CF0F /* Main.storyboard */; };
		C62C5B7A1937551800E5CF0F /* CITest.xcdatamodeld in Sources */ = {isa = PBXBuildFile; fileRef = C62C5B781937551800E5CF0F /* CITest.xcdatamodeld */; };
		C62C5B7D1937551800E5CF0F /* MasterViewController.m in Sources */ = {isa = PBXBuildFile; fileRef = C62C5B7C1937551800E5CF0F /* MasterViewController.m */; };
		C62C5B801937551800E5CF0F /* DetailViewController.m in Sources */ = {isa = PBXBuildFile; fileRef = C62C5B7F1937551800E5CF0F /* DetailViewController.m */; };
		C62C5B821937551800E5CF0F /* Images.xcassets in Resources */ = {isa = PBXBuildFile; fileRef = C62C5B811937551800E5CF0F /* Images.xcassets */; };
		C62C5B891937551800E5CF0F /* XCTest.framework in Frameworks */ = {isa = PBXBuildFile; fileRef = C62C5B881937551800E5CF0F /* XCTest.framework */; };
		C62C5B8A1937551800E5CF0F /* Foundation.framework in Frameworks */ = {isa = PBXBuildFile; fileRef = C62C5B611937551800E5CF0F /* Foundation.framework */; };
		C62C5B8B1937551800E5CF0F /* UIKit.framework in Frameworks */ = {isa = PBXBuildFile; fileRef = C62C5B651937551800E5CF0F /* UIKit.framework */; };
		C62C5B8C1937551800E5CF0F /* CoreData.framework in Frameworks */ = {isa = PBXBuildFile; fileRef = C62C5B671937551800E5CF0F /* CoreData.framework */; };
		C62C5B941937551800E5CF0F /* InfoPlist.strings in Resources */ = {isa = PBXBuildFile; fileRef = C62C5B921937551800E5CF0F /* InfoPlist.strings */; };
		C62C5B961937551800E5CF0F /* CITestTests.m in Sources */ = {isa = PBXBuildFile; fileRef = C62C5B951937551800E5CF0F /* CITestTests.m */; };
/* End PBXBuildFile section */

/* Begin PBXContainerItemProxy section */
		C62C5B8D1937551800E5CF0F /* PBXContainerItemProxy */ = {
			isa = PBXContainerItemProxy;
			containerPortal = C62C5B561937551800E5CF0F /* Project object */;
			proxyType = 1;
			remoteGlobalIDString = C62C5B5D1937551800E5CF0F;
			remoteInfo = CITest;
		};
/* End PBXContainerItemProxy section */

/* Begin PBXFileReference section */
		C62C5B5E1937551800E5CF0F /* CITest.app */ = {isa = PBXFileReference; explicitFileType = wrapper.application; includeInIndex = 0; path = CITest.app; sourceTree = BUILT_PRODUCTS_DIR; };
		C62C5B611937551800E5CF0F /* Foundation.framework */ = {isa = PBXFileReference; lastKnownFileType = wrapper.framework; name = Foundation.framework; path = System/Library/Frameworks/Foundation.framework; sourceTree = SDKROOT; };
		C62C5B631937551800E5CF0F /* CoreGraphics.framework */ = {isa = PBXFileReference; lastKnownFileType = wrapper.framework; name = CoreGraphics.framework; path = System/Library/Frameworks/CoreGraphics.framework; sourceTree = SDKROOT; };
		C62C5B651937551800E5CF0F /* UIKit.framework */ = {isa = PBXFileReference; lastKnownFileType = wrapper.framework; name = UIKit.framework; path = System/Library/Frameworks/UIKit.framework; sourceTree = SDKROOT; };
		C62C5B671937551800E5CF0F /* CoreData.framework */ = {isa = PBXFileReference; lastKnownFileType = wrapper.framework; name = CoreData.framework; path = System/Library/Frameworks/CoreData.framework; sourceTree = SDKROOT; };
		C62C5B6B1937551800E5CF0F /* CITest-Info.plist */ = {isa = PBXFileReference; lastKnownFileType = text.plist.xml; path = "CITest-Info.plist"; sourceTree = "<group>"; };
		C62C5B6D1937551800E5CF0F /* en */ = {isa = PBXFileReference; lastKnownFileType = text.plist.strings; name = en; path = en.lproj/InfoPlist.strings; sourceTree = "<group>"; };
		C62C5B6F1937551800E5CF0F /* main.m */ = {isa = PBXFileReference; lastKnownFileType = sourcecode.c.objc; path = main.m; sourceTree = "<group>"; };
		C62C5B711937551800E5CF0F /* CITest-Prefix.pch */ = {isa = PBXFileReference; lastKnownFileType = sourcecode.c.h; path = "CITest-Prefix.pch"; sourceTree = "<group>"; };
		C62C5B721937551800E5CF0F /* AppDelegate.h */ = {isa = PBXFileReference; lastKnownFileType = sourcecode.c.h; path = AppDelegate.h; sourceTree = "<group>"; };
		C62C5B731937551800E5CF0F /* AppDelegate.m */ = {isa = PBXFileReference; lastKnownFileType = sourcecode.c.objc; path = AppDelegate.m; sourceTree = "<group>"; };
		C62C5B761937551800E5CF0F /* Base */ = {isa = PBXFileReference; lastKnownFileType = file.storyboard; name = Base; path = Base.lproj/Main.storyboard; sourceTree = "<group>"; };
		C62C5B791937551800E5CF0F /* CITest.xcdatamodel */ = {isa = PBXFileReference; lastKnownFileType = wrapper.xcdatamodel; path = CITest.xcdatamodel; sourceTree = "<group>"; };
		C62C5B7B1937551800E5CF0F /* MasterViewController.h */ = {isa = PBXFileReference; lastKnownFileType = sourcecode.c.h; path = MasterViewController.h; sourceTree = "<group>"; };
		C62C5B7C1937551800E5CF0F /* MasterViewController.m */ = {isa = PBXFileReference; lastKnownFileType = sourcecode.c.objc; path = MasterViewController.m; sourceTree = "<group>"; };
		C62C5B7E1937551800E5CF0F /* DetailViewController.h */ = {isa = PBXFileReference; lastKnownFileType = sourcecode.c.h; path = DetailViewController.h; sourceTree = "<group>"; };
		C62C5B7F1937551800E5CF0F /* DetailViewController.m */ = {isa = PBXFileReference; lastKnownFileType = sourcecode.c.objc; path = DetailViewController.m; sourceTree = "<group>"; };
		C62C5B811937551800E5CF0F /* Images.xcassets */ = {isa = PBXFileReference; lastKnownFileType = folder.assetcatalog; path = Images.xcassets; sourceTree = "<group>"; };
		C62C5B871937551800E5CF0F /* CITestTests.xctest */ = {isa = PBXFileReference; explicitFileType = wrapper.cfbundle; includeInIndex = 0; path = CITestTests.xctest; sourceTree = BUILT_PRODUCTS_DIR; };
		C62C5B881937551800E5CF0F /* XCTest.framework */ = {isa = PBXFileReference; lastKnownFileType = wrapper.framework; name = XCTest.framework; path = Library/Frameworks/XCTest.framework; sourceTree = DEVELOPER_DIR; };
		C62C5B911937551800E5CF0F /* CITestTests-Info.plist */ = {isa = PBXFileReference; lastKnownFileType = text.plist.xml; path = "CITestTests-Info.plist"; sourceTree = "<group>"; };
		C62C5B931937551800E5CF0F /* en */ = {isa = PBXFileReference; lastKnownFileType = text.plist.strings; name = en; path = en.lproj/InfoPlist.strings; sourceTree = "<group>"; };
		C62C5B951937551800E5CF0F /* CITestTests.m */ = {isa = PBXFileReference; lastKnownFileType = sourcecode.c.objc; path = CITestTests.m; sourceTree = "<group>"; };
/* End PBXFileReference section */

/* Begin PBXFrameworksBuildPhase section */
		C62C5B5B1937551800E5CF0F /* Frameworks */ = {
			isa = PBXFrameworksBuildPhase;
			buildActionMask = 2147483647;
			files = (
				C62C5B641937551800E5CF0F /* CoreGraphics.framework in Frameworks */,
				C62C5B681937551800E5CF0F /* CoreData.framework in Frameworks */,
				C62C5B661937551800E5CF0F /* UIKit.framework in Frameworks */,
				C62C5B621937551800E5CF0F /* Foundation.framework in Frameworks */,
			);
			runOnlyForDeploymentPostprocessing = 0;
		};
		C62C5B841937551800E5CF0F /* Frameworks */ = {
			isa = PBXFrameworksBuildPhase;
			buildActionMask = 2147483647;
			files = (
				C62C5B891937551800E5CF0F /* XCTest.framework in Frameworks */,
				C62C5B8C1937551800E5CF0F /* CoreData.framework in Frameworks */,
				C62C5B8B1937551800E5CF0F /* UIKit.framework in Frameworks */,
				C62C5B8A1937551800E5CF0F /* Foundation.framework in Frameworks */,
			);
			runOnlyForDeploymentPostprocessing = 0;
		};
/* End PBXFrameworksBuildPhase section */

/* Begin PBXGroup section */
		C62C5B551937551800E5CF0F = {
			isa = PBXGroup;
			children = (
				C62C5B691937551800E5CF0F /* CITest */,
				C62C5B8F1937551800E5CF0F /* CITestTests */,
				C62C5B601937551800E5CF0F /* Frameworks */,
				C62C5B5F1937551800E5CF0F /* Products */,
			);
			sourceTree = "<group>";
		};
		C62C5B5F1937551800E5CF0F /* Products */ = {
			isa = PBXGroup;
			children = (
				C62C5B5E1937551800E5CF0F /* CITest.app */,
				C62C5B871937551800E5CF0F /* CITestTests.xctest */,
			);
			name = Products;
			sourceTree = "<group>";
		};
		C62C5B601937551800E5CF0F /* Frameworks */ = {
			isa = PBXGroup;
			children = (
				C62C5B611937551800E5CF0F /* Foundation.framework */,
				C62C5B631937551800E5CF0F /* CoreGraphics.framework */,
				C62C5B651937551800E5CF0F /* UIKit.framework */,
				C62C5B671937551800E5CF0F /* CoreData.framework */,
				C62C5B881937551800E5CF0F /* XCTest.framework */,
			);
			name = Frameworks;
			sourceTree = "<group>";
		};
		C62C5B691937551800E5CF0F /* CITest */ = {
			isa = PBXGroup;
			children = (
				C62C5B721937551800E5CF0F /* AppDelegate.h */,
				C62C5B731937551800E5CF0F /* AppDelegate.m */,
				C62C5B751937551800E5CF0F /* Main.storyboard */,
				C62C5B7B1937551800E5CF0F /* MasterViewController.h */,
				C62C5B7C1937551800E5CF0F /* MasterViewController.m */,
				C62C5B7E1937551800E5CF0F /* DetailViewController.h */,
				C62C5B7F1937551800E5CF0F /* DetailViewController.m */,
				C62C5B811937551800E5CF0F /* Images.xcassets */,
				C62C5B781937551800E5CF0F /* CITest.xcdatamodeld */,
				C62C5B6A1937551800E5CF0F /* Supporting Files */,
			);
			path = CITest;
			sourceTree = "<group>";
		};
		C62C5B6A1937551800E5CF0F /* Supporting Files */ = {
			isa = PBXGroup;
			children = (
				C62C5B6B1937551800E5CF0F /* CITest-Info.plist */,
				C62C5B6C1937551800E5CF0F /* InfoPlist.strings */,
				C62C5B6F1937551800E5CF0F /* main.m */,
				C62C5B711937551800E5CF0F /* CITest-Prefix.pch */,
			);
			name = "Supporting Files";
			sourceTree = "<group>";
		};
		C62C5B8F1937551800E5CF0F /* CITestTests */ = {
			isa = PBXGroup;
			children = (
				C62C5B951937551800E5CF0F /* CITestTests.m */,
				C62C5B901937551800E5CF0F /* Supporting Files */,
			);
			path = CITestTests;
			sourceTree = "<group>";
		};
		C62C5B901937551800E5CF0F /* Supporting Files */ = {
			isa = PBXGroup;
			children = (
				C62C5B911937551800E5CF0F /* CITestTests-Info.plist */,
				C62C5B921937551800E5CF0F /* InfoPlist.strings */,
			);
			name = "Supporting Files";
			sourceTree = "<group>";
		};
/* End PBXGroup section */

/* Begin PBXNativeTarget section */
		C62C5B5D1937551800E5CF0F /* CITest */ = {
			isa = PBXNativeTarget;
			buildConfigurationList = C62C5B991937551800E5CF0F /* Build configuration list for PBXNativeTarget "CITest" */;
			buildPhases = (
				C62C5B5A1937551800E5CF0F /* Sources */,
				C62C5B5B1937551800E5CF0F /* Frameworks */,
				C62C5B5C1937551800E5CF0F /* Resources */,
			);
			buildRules = (
			);
			dependencies = (
			);
			name = CITest;
			productName = CITest;
			productReference = C62C5B5E1937551800E5CF0F /* CITest.app */;
			productType = "com.apple.product-type.application";
		};
		C62C5B861937551800E5CF0F /* CITestTests */ = {
			isa = PBXNativeTarget;
			buildConfigurationList = C62C5B9C1937551800E5CF0F /* Build configuration list for PBXNativeTarget "CITestTests" */;
			buildPhases = (
				C62C5B831937551800E5CF0F /* Sources */,
				C62C5B841937551800E5CF0F /* Frameworks */,
				C62C5B851937551800E5CF0F /* Resources */,
			);
			buildRules = (
			);
			dependencies = (
				C62C5B8E1937551800E5CF0F /* PBXTargetDependency */,
			);
			name = CITestTests;
			productName = CITestTests;
			productReference = C62C5B871937551800E5CF0F /* CITestTests.xctest */;
			productType = "com.apple.product-type.bundle.unit-test";
		};
/* End PBXNativeTarget section */

/* Begin PBXProject section */
		C62C5B561937551800E5CF0F /* Project object */ = {
			isa = PBXProject;
			attributes = {
				LastUpgradeCheck = 0510;
				ORGANIZATIONNAME = "Andrew Pereira";
				TargetAttributes = {
					C62C5B861937551800E5CF0F = {
						TestTargetID = C62C5B5D1937551800E5CF0F;
					};
				};
			};
			buildConfigurationList = C62C5B591937551800E5CF0F /* Build configuration list for PBXProject "CITest" */;
			compatibilityVersion = "Xcode 3.2";
			developmentRegion = English;
			hasScannedForEncodings = 0;
			knownRegions = (
				en,
				Base,
			);
			mainGroup = C62C5B551937551800E5CF0F;
			productRefGroup = C62C5B5F1937551800E5CF0F /* Products */;
			projectDirPath = "";
			projectRoot = "";
			targets = (
				C62C5B5D1937551800E5CF0F /* CITest */,
				C62C5B861937551800E5CF0F /* CITestTests */,
			);
		};
/* End PBXProject section */

/* Begin PBXResourcesBuildPhase section */
		C62C5B5C1937551800E5CF0F /* Resources */ = {
			isa = PBXResourcesBuildPhase;
			buildActionMask = 2147483647;
			files = (
				C62C5B821937551800E5CF0F /* Images.xcassets in Resources */,
				C62C5B6E1937551800E5CF0F /* InfoPlist.strings in Resources */,
				C62C5B771937551800E5CF0F /* Main.storyboard in Resources */,
			);
			runOnlyForDeploymentPostprocessing = 0;
		};
		C62C5B851937551800E5CF0F /* Resources */ = {
			isa = PBXResourcesBuildPhase;
			buildActionMask = 2147483647;
			files = (
				C62C5B941937551800E5CF0F /* InfoPlist.strings in Resources */,
			);
			runOnlyForDeploymentPostprocessing = 0;
		};
/* End PBXResourcesBuildPhase section */

/* Begin PBXSourcesBuildPhase section */
		C62C5B5A1937551800E5CF0F /* Sources */ = {
			isa = PBXSourcesBuildPhase;
			buildActionMask = 2147483647;
			files = (
				C62C5B801937551800E5CF0F /* DetailViewController.m in Sources */,
				C62C5B7D1937551800E5CF0F /* MasterViewController.m in Sources */,
				C62C5B741937551800E5CF0F /* AppDelegate.m in Sources */,
				C62C5B701937551800E5CF0F /* main.m in Sources */,
				C62C5B7A1937551800E5CF0F /* CITest.xcdatamodeld in Sources */,
			);
			runOnlyForDeploymentPostprocessing = 0;
		};
		C62C5B831937551800E5CF0F /* Sources */ = {
			isa = PBXSourcesBuildPhase;
			buildActionMask = 2147483647;
			files = (
				C62C5B961937551800E5CF0F /* CITestTests.m in Sources */,
			);
			runOnlyForDeploymentPostprocessing = 0;
		};
/* End PBXSourcesBuildPhase section */

/* Begin PBXTargetDependency section */
		C62C5B8E1937551800E5CF0F /* PBXTargetDependency */ = {
			isa = PBXTargetDependency;
			target = C62C5B5D1937551800E5CF0F /* CITest */;
			targetProxy = C62C5B8D1937551800E5CF0F /* PBXContainerItemProxy */;
		};
/* End PBXTargetDependency section */

/* Begin PBXVariantGroup section */
		C62C5B6C1937551800E5CF0F /* InfoPlist.strings */ = {
			isa = PBXVariantGroup;
			children = (
				C62C5B6D1937551800E5CF0F /* en */,
			);
			name = InfoPlist.strings;
			sourceTree = "<group>";
		};
		C62C5B751937551800E5CF0F /* Main.storyboard */ = {
			isa = PBXVariantGroup;
			children = (
				C62C5B761937551800E5CF0F /* Base */,
			);
			name = Main.storyboard;
			sourceTree = "<group>";
		};
		C62C5B921937551800E5CF0F /* InfoPlist.strings */ = {
			isa = PBXVariantGroup;
			children = (
				C62C5B931937551800E5CF0F /* en */,
			);
			name = InfoPlist.strings;
			sourceTree = "<group>";
		};
/* End PBXVariantGroup section */

/* Begin XCBuildConfiguration section */
		C62C5B971937551800E5CF0F /* Debug */ = {
			isa = XCBuildConfiguration;
			buildSettings = {
				ALWAYS_SEARCH_USER_PATHS = NO;
				CLANG_CXX_LANGUAGE_STANDARD = "gnu++0x";
				CLANG_CXX_LIBRARY = "libc++";
				CLANG_ENABLE_MODULES = YES;
				CLANG_ENABLE_OBJC_ARC = YES;
				CLANG_WARN_BOOL_CONVERSION = YES;
				CLANG_WARN_CONSTANT_CONVERSION = YES;
				CLANG_WARN_DIRECT_OBJC_ISA_USAGE = YES_ERROR;
				CLANG_WARN_EMPTY_BODY = YES;
				CLANG_WARN_ENUM_CONVERSION = YES;
				CLANG_WARN_INT_CONVERSION = YES;
				CLANG_WARN_OBJC_ROOT_CLASS = YES_ERROR;
				CLANG_WARN__DUPLICATE_METHOD_MATCH = YES;
				"CODE_SIGN_IDENTITY[sdk=iphoneos*]" = "iPhone Developer";
				COPY_PHASE_STRIP = NO;
				GCC_C_LANGUAGE_STANDARD = gnu99;
				GCC_DYNAMIC_NO_PIC = NO;
				GCC_OPTIMIZATION_LEVEL = 0;
				GCC_PREPROCESSOR_DEFINITIONS = (
					"DEBUG=1",
					"$(inherited)",
				);
				GCC_SYMBOLS_PRIVATE_EXTERN = NO;
				GCC_WARN_64_TO_32_BIT_CONVERSION = YES;
				GCC_WARN_ABOUT_RETURN_TYPE = YES_ERROR;
				GCC_WARN_UNDECLARED_SELECTOR = YES;
				GCC_WARN_UNINITIALIZED_AUTOS = YES_AGGRESSIVE;
				GCC_WARN_UNUSED_FUNCTION = YES;
				GCC_WARN_UNUSED_VARIABLE = YES;
				IPHONEOS_DEPLOYMENT_TARGET = 7.1;
				ONLY_ACTIVE_ARCH = YES;
				SDKROOT = iphoneos;
			};
			name = Debug;
		};
		C62C5B981937551800E5CF0F /* Release */ = {
			isa = XCBuildConfiguration;
			buildSettings = {
				ALWAYS_SEARCH_USER_PATHS = NO;
				CLANG_CXX_LANGUAGE_STANDARD = "gnu++0x";
				CLANG_CXX_LIBRARY = "libc++";
				CLANG_ENABLE_MODULES = YES;
				CLANG_ENABLE_OBJC_ARC = YES;
				CLANG_WARN_BOOL_CONVERSION = YES;
				CLANG_WARN_CONSTANT_CONVERSION = YES;
				CLANG_WARN_DIRECT_OBJC_ISA_USAGE = YES_ERROR;
				CLANG_WARN_EMPTY_BODY = YES;
				CLANG_WARN_ENUM_CONVERSION = YES;
				CLANG_WARN_INT_CONVERSION = YES;
				CLANG_WARN_OBJC_ROOT_CLASS = YES_ERROR;
				CLANG_WARN__DUPLICATE_METHOD_MATCH = YES;
				"CODE_SIGN_IDENTITY[sdk=iphoneos*]" = "iPhone Developer";
				COPY_PHASE_STRIP = YES;
				ENABLE_NS_ASSERTIONS = NO;
				GCC_C_LANGUAGE_STANDARD = gnu99;
				GCC_WARN_64_TO_32_BIT_CONVERSION = YES;
				GCC_WARN_ABOUT_RETURN_TYPE = YES_ERROR;
				GCC_WARN_UNDECLARED_SELECTOR = YES;
				GCC_WARN_UNINITIALIZED_AUTOS = YES_AGGRESSIVE;
				GCC_WARN_UNUSED_FUNCTION = YES;
				GCC_WARN_UNUSED_VARIABLE = YES;
				IPHONEOS_DEPLOYMENT_TARGET = 7.1;
				SDKROOT = iphoneos;
				VALIDATE_PRODUCT = YES;
			};
			name = Release;
		};
		C62C5B9A1937551800E5CF0F /* Debug */ = {
			isa = XCBuildConfiguration;
			buildSettings = {
				ASSETCATALOG_COMPILER_APPICON_NAME = AppIcon;
				ASSETCATALOG_COMPILER_LAUNCHIMAGE_NAME = LaunchImage;
				GCC_PRECOMPILE_PREFIX_HEADER = YES;
				GCC_PREFIX_HEADER = "CITest/CITest-Prefix.pch";
				INFOPLIST_FILE = "CITest/CITest-Info.plist";
				PRODUCT_NAME = "$(TARGET_NAME)";
				WRAPPER_EXTENSION = app;
			};
			name = Debug;
		};
		C62C5B9B1937551800E5CF0F /* Release */ = {
			isa = XCBuildConfiguration;
			buildSettings = {
				ASSETCATALOG_COMPILER_APPICON_NAME = AppIcon;
				ASSETCATALOG_COMPILER_LAUNCHIMAGE_NAME = LaunchImage;
				GCC_PRECOMPILE_PREFIX_HEADER = YES;
				GCC_PREFIX_HEADER = "CITest/CITest-Prefix.pch";
				INFOPLIST_FILE = "CITest/CITest-Info.plist";
				PRODUCT_NAME = "$(TARGET_NAME)";
				WRAPPER_EXTENSION = app;
			};
			name = Release;
		};
		C62C5B9D1937551800E5CF0F /* Debug */ = {
			isa = XCBuildConfiguration;
			buildSettings = {
				BUNDLE_LOADER = "$(BUILT_PRODUCTS_DIR)/CITest.app/CITest";
				FRAMEWORK_SEARCH_PATHS = (
					"$(SDKROOT)/Developer/Library/Frameworks",
					"$(inherited)",
					"$(DEVELOPER_FRAMEWORKS_DIR)",
				);
				GCC_PRECOMPILE_PREFIX_HEADER = YES;
				GCC_PREFIX_HEADER = "CITest/CITest-Prefix.pch";
				GCC_PREPROCESSOR_DEFINITIONS = (
					"DEBUG=1",
					"$(inherited)",
				);
				INFOPLIST_FILE = "CITestTests/CITestTests-Info.plist";
				PRODUCT_NAME = "$(TARGET_NAME)";
				TEST_HOST = "$(BUNDLE_LOADER)";
				WRAPPER_EXTENSION = xctest;
			};
			name = Debug;
		};
		C62C5B9E1937551800E5CF0F /* Release */ = {
			isa = XCBuildConfiguration;
			buildSettings = {
				BUNDLE_LOADER = "$(BUILT_PRODUCTS_DIR)/CITest.app/CITest";
				FRAMEWORK_SEARCH_PATHS = (
					"$(SDKROOT)/Developer/Library/Frameworks",
					"$(inherited)",
					"$(DEVELOPER_FRAMEWORKS_DIR)",
				);
				GCC_PRECOMPILE_PREFIX_HEADER = YES;
				GCC_PREFIX_HEADER = "CITest/CITest-Prefix.pch";
				INFOPLIST_FILE = "CITestTests/CITestTests-Info.plist";
				PRODUCT_NAME = "$(TARGET_NAME)";
				TEST_HOST = "$(BUNDLE_LOADER)";
				WRAPPER_EXTENSION = xctest;
			};
			name = Release;
		};
/* End XCBuildConfiguration section */

/* Begin XCConfigurationList section */
		C62C5B591937551800E5CF0F /* Build configuration list for PBXProject "CITest" */ = {
			isa = XCConfigurationList;
			buildConfigurations = (
				C62C5B971937551800E5CF0F /* Debug */,
				C62C5B981937551800E5CF0F /* Release */,
			);
			defaultConfigurationIsVisible = 0;
			defaultConfigurationName = Release;
		};
		C62C5B991937551800E5CF0F /* Build configuration list for PBXNativeTarget "CITest" */ = {
			isa = XCConfigurationList;
			buildConfigurations = (
				C62C5B9A1937551800E5CF0F /* Debug */,
				C62C5B9B1937551800E5CF0F /* Release */,
			);
			defaultConfigurationIsVisible = 0;
		};
		C62C5B9C1937551800E5CF0F /* Build configuration list for PBXNativeTarget "CITestTests" */ = {
			isa = XCConfigurationList;
			buildConfigurations = (
				C62C5B9D1937551800E5CF0F /* Debug */,
				C62C5B9E1937551800E5CF0F /* Release */,
			);
			defaultConfigurationIsVisible = 0;
		};
/* End XCConfigurationList section */

/* Begin XCVersionGroup section */
		C62C5B781937551800E5CF0F /* CITest.xcdatamodeld */ = {
			isa = XCVersionGroup;
			children = (
				C62C5B791937551800E5CF0F /* CITest.xcdatamodel */,
			);
			currentVersion = C62C5B791937551800E5CF0F /* CITest.xcdatamodel */;
			path = CITest.xcdatamodeld;
			sourceTree = "<group>";
			versionGroupType = wrapper.xcdatamodel;
		};
/* End XCVersionGroup section */
	};
	rootObject = C62C5B561937551800E5CF0F /* Project object */;
}
